
Microsoft Visual Studio Solution File, Format Version 12.00
# Visual Studio Version 16
VisualStudioVersion = 16.0.30517.126
MinimumVisualStudioVersion = 10.0.40219.1
Project("{9A19103F-16F7-4668-BE54-9A1E7A4F7556}") = "Biblioteca", "Biblioteca\Biblioteca.csproj", "{09B37E2B-320B-4013-BB25-5989976A023A}"
EndProject
Global
	GlobalSection(SolutionConfigurationPlatforms) = preSolution
		Debug|Any CPU = Debug|Any CPU
		Release|Any CPU = Release|Any CPU
	EndGlobalSection
	GlobalSection(ProjectConfigurationPlatforms) = postSolution
		{09B37E2B-320B-4013-BB25-5989976A023A}.Debug|Any CPU.ActiveCfg = Debug|Any CPU
		{09B37E2B-320B-4013-BB25-5989976A023A}.Debug|Any CPU.Build.0 = Debug|Any CPU
		{09B37E2B-320B-4013-BB25-5989976A023A}.Release|Any CPU.ActiveCfg = Release|Any CPU
		{09B37E2B-320B-4013-BB25-5989976A023A}.Release|Any CPU.Build.0 = Release|Any CPU
	EndGlobalSection
	GlobalSection(SolutionProperties) = preSolution
		HideSolutionNode = FALSE
	EndGlobalSection
	GlobalSection(ExtensibilityGlobals) = postSolution
		SolutionGuid = {401C0F33-0BFD-4038-A4C9-9C2A87A48A01}
	EndGlobalSection
EndGlobal
